
Microsoft Visual Studio Solution File, Format Version 12.00
# Visual Studio Version 17
VisualStudioVersion = 17.8.34322.80
MinimumVisualStudioVersion = 10.0.40219.1
Project("{8BC9CEB8-8B4A-11D0-8D11-00A0C91BC942}") = "MTDV_HVT", "MTDV_HVT\MTDV_HVT.vcxproj", "{0BAEBB1D-33E3-4AD3-B868-960D0EC0F0E9}"
EndProject
Global
	GlobalSection(SolutionConfigurationPlatforms) = preSolution
		Debug|x64 = Debug|x64
		Debug|x86 = Debug|x86
		Release|x64 = Release|x64
		Release|x86 = Release|x86
	EndGlobalSection
	GlobalSection(ProjectConfigurationPlatforms) = postSolution
		{0BAEBB1D-33E3-4AD3-B868-960D0EC0F0E9}.Debug|x64.ActiveCfg = Debug|x64
		{0BAEBB1D-33E3-4AD3-B868-960D0EC0F0E9}.Debug|x64.Build.0 = Debug|x64
		{0BAEBB1D-33E3-4AD3-B868-960D0EC0F0E9}.Debug|x86.ActiveCfg = Debug|Win32
		{0BAEBB1D-33E3-4AD3-B868-960D0EC0F0E9}.Debug|x86.Build.0 = Debug|Win32
		{0BAEBB1D-33E3-4AD3-B868-960D0EC0F0E9}.Release|x64.ActiveCfg = Release|x64
		{0BAEBB1D-33E3-4AD3-B868-960D0EC0F0E9}.Release|x64.Build.0 = Release|x64
		{0BAEBB1D-33E3-4AD3-B868-960D0EC0F0E9}.Release|x86.ActiveCfg = Release|Win32
		{0BAEBB1D-33E3-4AD3-B868-960D0EC0F0E9}.Release|x86.Build.0 = Release|Win32
	EndGlobalSection
	GlobalSection(SolutionProperties) = preSolution
		HideSolutionNode = FALSE
	EndGlobalSection
	GlobalSection(ExtensibilityGlobals) = postSolution
		SolutionGuid = {2E6F8454-7441-4398-BD6F-BA3203BA6F4D}
	EndGlobalSection
EndGlobal
