
Microsoft Visual Studio Solution File, Format Version 12.00
# Visual Studio Version 17
VisualStudioVersion = 17.8.34322.80
MinimumVisualStudioVersion = 10.0.40219.1
Project("{8BC9CEB8-8B4A-11D0-8D11-00A0C91BC942}") = "POS_HVT", "POS_HVT\POS_HVT.vcxproj", "{CC3129BF-6431-4A0E-997C-67EDD729BB78}"
EndProject
Global
	GlobalSection(SolutionConfigurationPlatforms) = preSolution
		Debug|x64 = Debug|x64
		Debug|x86 = Debug|x86
		Release|x64 = Release|x64
		Release|x86 = Release|x86
	EndGlobalSection
	GlobalSection(ProjectConfigurationPlatforms) = postSolution
		{CC3129BF-6431-4A0E-997C-67EDD729BB78}.Debug|x64.ActiveCfg = Debug|x64
		{CC3129BF-6431-4A0E-997C-67EDD729BB78}.Debug|x64.Build.0 = Debug|x64
		{CC3129BF-6431-4A0E-997C-67EDD729BB78}.Debug|x86.ActiveCfg = Debug|Win32
		{CC3129BF-6431-4A0E-997C-67EDD729BB78}.Debug|x86.Build.0 = Debug|Win32
		{CC3129BF-6431-4A0E-997C-67EDD729BB78}.Release|x64.ActiveCfg = Release|x64
		{CC3129BF-6431-4A0E-997C-67EDD729BB78}.Release|x64.Build.0 = Release|x64
		{CC3129BF-6431-4A0E-997C-67EDD729BB78}.Release|x86.ActiveCfg = Release|Win32
		{CC3129BF-6431-4A0E-997C-67EDD729BB78}.Release|x86.Build.0 = Release|Win32
	EndGlobalSection
	GlobalSection(SolutionProperties) = preSolution
		HideSolutionNode = FALSE
	EndGlobalSection
	GlobalSection(ExtensibilityGlobals) = postSolution
		SolutionGuid = {CE9EFCC2-85E9-4C98-B88C-3A28A54C8375}
	EndGlobalSection
EndGlobal
