
Microsoft Visual Studio Solution File, Format Version 12.00
# Visual Studio Version 17
VisualStudioVersion = 17.7.34202.233
MinimumVisualStudioVersion = 10.0.40219.1
Project("{8BC9CEB8-8B4A-11D0-8D11-00A0C91BC942}") = "HHCN_HVT", "HHCN_HVT\HHCN_HVT.vcxproj", "{2C507F41-F328-4A88-9B6E-E58233FF730C}"
EndProject
Global
	GlobalSection(SolutionConfigurationPlatforms) = preSolution
		Debug|x64 = Debug|x64
		Debug|x86 = Debug|x86
		Release|x64 = Release|x64
		Release|x86 = Release|x86
	EndGlobalSection
	GlobalSection(ProjectConfigurationPlatforms) = postSolution
		{2C507F41-F328-4A88-9B6E-E58233FF730C}.Debug|x64.ActiveCfg = Debug|x64
		{2C507F41-F328-4A88-9B6E-E58233FF730C}.Debug|x64.Build.0 = Debug|x64
		{2C507F41-F328-4A88-9B6E-E58233FF730C}.Debug|x86.ActiveCfg = Debug|Win32
		{2C507F41-F328-4A88-9B6E-E58233FF730C}.Debug|x86.Build.0 = Debug|Win32
		{2C507F41-F328-4A88-9B6E-E58233FF730C}.Release|x64.ActiveCfg = Release|x64
		{2C507F41-F328-4A88-9B6E-E58233FF730C}.Release|x64.Build.0 = Release|x64
		{2C507F41-F328-4A88-9B6E-E58233FF730C}.Release|x86.ActiveCfg = Release|Win32
		{2C507F41-F328-4A88-9B6E-E58233FF730C}.Release|x86.Build.0 = Release|Win32
	EndGlobalSection
	GlobalSection(SolutionProperties) = preSolution
		HideSolutionNode = FALSE
	EndGlobalSection
	GlobalSection(ExtensibilityGlobals) = postSolution
		SolutionGuid = {84E8C005-F206-4D32-A686-9CEAE49ED8B7}
	EndGlobalSection
EndGlobal
