
Microsoft Visual Studio Solution File, Format Version 12.00
# Visual Studio Version 17
VisualStudioVersion = 17.8.34322.80
MinimumVisualStudioVersion = 10.0.40219.1
Project("{8BC9CEB8-8B4A-11D0-8D11-00A0C91BC942}") = "FINDX", "FINDX\FINDX.vcxproj", "{91362754-8767-4E30-A36E-519B089ABC28}"
EndProject
Global
	GlobalSection(SolutionConfigurationPlatforms) = preSolution
		Debug|x64 = Debug|x64
		Debug|x86 = Debug|x86
		Release|x64 = Release|x64
		Release|x86 = Release|x86
	EndGlobalSection
	GlobalSection(ProjectConfigurationPlatforms) = postSolution
		{91362754-8767-4E30-A36E-519B089ABC28}.Debug|x64.ActiveCfg = Debug|x64
		{91362754-8767-4E30-A36E-519B089ABC28}.Debug|x64.Build.0 = Debug|x64
		{91362754-8767-4E30-A36E-519B089ABC28}.Debug|x86.ActiveCfg = Debug|Win32
		{91362754-8767-4E30-A36E-519B089ABC28}.Debug|x86.Build.0 = Debug|Win32
		{91362754-8767-4E30-A36E-519B089ABC28}.Release|x64.ActiveCfg = Release|x64
		{91362754-8767-4E30-A36E-519B089ABC28}.Release|x64.Build.0 = Release|x64
		{91362754-8767-4E30-A36E-519B089ABC28}.Release|x86.ActiveCfg = Release|Win32
		{91362754-8767-4E30-A36E-519B089ABC28}.Release|x86.Build.0 = Release|Win32
	EndGlobalSection
	GlobalSection(SolutionProperties) = preSolution
		HideSolutionNode = FALSE
	EndGlobalSection
	GlobalSection(ExtensibilityGlobals) = postSolution
		SolutionGuid = {B8DA890E-F6B3-4351-9EDA-683E2EB1F413}
	EndGlobalSection
EndGlobal
