
Microsoft Visual Studio Solution File, Format Version 12.00
# Visual Studio Version 17
VisualStudioVersion = 17.9.34607.119
MinimumVisualStudioVersion = 10.0.40219.1
Project("{8BC9CEB8-8B4A-11D0-8D11-00A0C91BC942}") = "NumberOfSegmentWithSmallSum_TwoPointers", "NumberOfSegmentWithSmallSum_TwoPointers\NumberOfSegmentWithSmallSum_TwoPointers.vcxproj", "{0F2B9588-DAC6-4029-8684-EB63548B5A42}"
EndProject
Global
	GlobalSection(SolutionConfigurationPlatforms) = preSolution
		Debug|x64 = Debug|x64
		Debug|x86 = Debug|x86
		Release|x64 = Release|x64
		Release|x86 = Release|x86
	EndGlobalSection
	GlobalSection(ProjectConfigurationPlatforms) = postSolution
		{0F2B9588-DAC6-4029-8684-EB63548B5A42}.Debug|x64.ActiveCfg = Debug|x64
		{0F2B9588-DAC6-4029-8684-EB63548B5A42}.Debug|x64.Build.0 = Debug|x64
		{0F2B9588-DAC6-4029-8684-EB63548B5A42}.Debug|x86.ActiveCfg = Debug|Win32
		{0F2B9588-DAC6-4029-8684-EB63548B5A42}.Debug|x86.Build.0 = Debug|Win32
		{0F2B9588-DAC6-4029-8684-EB63548B5A42}.Release|x64.ActiveCfg = Release|x64
		{0F2B9588-DAC6-4029-8684-EB63548B5A42}.Release|x64.Build.0 = Release|x64
		{0F2B9588-DAC6-4029-8684-EB63548B5A42}.Release|x86.ActiveCfg = Release|Win32
		{0F2B9588-DAC6-4029-8684-EB63548B5A42}.Release|x86.Build.0 = Release|Win32
	EndGlobalSection
	GlobalSection(SolutionProperties) = preSolution
		HideSolutionNode = FALSE
	EndGlobalSection
	GlobalSection(ExtensibilityGlobals) = postSolution
		SolutionGuid = {222E83D2-A6F8-45C1-8604-F43A5E8E517C}
	EndGlobalSection
EndGlobal
