
Microsoft Visual Studio Solution File, Format Version 12.00
# Visual Studio Version 17
VisualStudioVersion = 17.9.34616.47
MinimumVisualStudioVersion = 10.0.40219.1
Project("{8BC9CEB8-8B4A-11D0-8D11-00A0C91BC942}") = "GCDTrenDoan_HDSH", "GCDTrenDoan_HDSH\GCDTrenDoan_HDSH.vcxproj", "{3CFD0452-005D-4ABA-BC75-B53ADFA0C83B}"
EndProject
Global
	GlobalSection(SolutionConfigurationPlatforms) = preSolution
		Debug|x64 = Debug|x64
		Debug|x86 = Debug|x86
		Release|x64 = Release|x64
		Release|x86 = Release|x86
	EndGlobalSection
	GlobalSection(ProjectConfigurationPlatforms) = postSolution
		{3CFD0452-005D-4ABA-BC75-B53ADFA0C83B}.Debug|x64.ActiveCfg = Debug|x64
		{3CFD0452-005D-4ABA-BC75-B53ADFA0C83B}.Debug|x64.Build.0 = Debug|x64
		{3CFD0452-005D-4ABA-BC75-B53ADFA0C83B}.Debug|x86.ActiveCfg = Debug|Win32
		{3CFD0452-005D-4ABA-BC75-B53ADFA0C83B}.Debug|x86.Build.0 = Debug|Win32
		{3CFD0452-005D-4ABA-BC75-B53ADFA0C83B}.Release|x64.ActiveCfg = Release|x64
		{3CFD0452-005D-4ABA-BC75-B53ADFA0C83B}.Release|x64.Build.0 = Release|x64
		{3CFD0452-005D-4ABA-BC75-B53ADFA0C83B}.Release|x86.ActiveCfg = Release|Win32
		{3CFD0452-005D-4ABA-BC75-B53ADFA0C83B}.Release|x86.Build.0 = Release|Win32
	EndGlobalSection
	GlobalSection(SolutionProperties) = preSolution
		HideSolutionNode = FALSE
	EndGlobalSection
	GlobalSection(ExtensibilityGlobals) = postSolution
		SolutionGuid = {0CDC8089-3AE8-4E35-8FB3-5CA904AF3BAE}
	EndGlobalSection
EndGlobal
