
Microsoft Visual Studio Solution File, Format Version 12.00
# Visual Studio Version 17
VisualStudioVersion = 17.8.34322.80
MinimumVisualStudioVersion = 10.0.40219.1
Project("{8BC9CEB8-8B4A-11D0-8D11-00A0C91BC942}") = "COWSORT_HVT", "COWSORT_HVT\COWSORT_HVT.vcxproj", "{21EBFCF4-773E-4F0C-901D-8B02DCBC972E}"
EndProject
Global
	GlobalSection(SolutionConfigurationPlatforms) = preSolution
		Debug|x64 = Debug|x64
		Debug|x86 = Debug|x86
		Release|x64 = Release|x64
		Release|x86 = Release|x86
	EndGlobalSection
	GlobalSection(ProjectConfigurationPlatforms) = postSolution
		{21EBFCF4-773E-4F0C-901D-8B02DCBC972E}.Debug|x64.ActiveCfg = Debug|x64
		{21EBFCF4-773E-4F0C-901D-8B02DCBC972E}.Debug|x64.Build.0 = Debug|x64
		{21EBFCF4-773E-4F0C-901D-8B02DCBC972E}.Debug|x86.ActiveCfg = Debug|Win32
		{21EBFCF4-773E-4F0C-901D-8B02DCBC972E}.Debug|x86.Build.0 = Debug|Win32
		{21EBFCF4-773E-4F0C-901D-8B02DCBC972E}.Release|x64.ActiveCfg = Release|x64
		{21EBFCF4-773E-4F0C-901D-8B02DCBC972E}.Release|x64.Build.0 = Release|x64
		{21EBFCF4-773E-4F0C-901D-8B02DCBC972E}.Release|x86.ActiveCfg = Release|Win32
		{21EBFCF4-773E-4F0C-901D-8B02DCBC972E}.Release|x86.Build.0 = Release|Win32
	EndGlobalSection
	GlobalSection(SolutionProperties) = preSolution
		HideSolutionNode = FALSE
	EndGlobalSection
	GlobalSection(ExtensibilityGlobals) = postSolution
		SolutionGuid = {6BD71831-0DBF-44DF-A598-84C5DFEC6877}
	EndGlobalSection
EndGlobal
