
Microsoft Visual Studio Solution File, Format Version 12.00
# Visual Studio Version 17
VisualStudioVersion = 17.9.34622.214
MinimumVisualStudioVersion = 10.0.40219.1
Project("{8BC9CEB8-8B4A-11D0-8D11-00A0C91BC942}") = "vstep-VNOI-OJ_DynamicProgramming", "vstep-VNOI-OJ_DynamicProgramming\vstep-VNOI-OJ_DynamicProgramming.vcxproj", "{734AC93E-DEF9-44F9-BFA6-2CC49E3EAAAE}"
EndProject
Global
	GlobalSection(SolutionConfigurationPlatforms) = preSolution
		Debug|x64 = Debug|x64
		Debug|x86 = Debug|x86
		Release|x64 = Release|x64
		Release|x86 = Release|x86
	EndGlobalSection
	GlobalSection(ProjectConfigurationPlatforms) = postSolution
		{734AC93E-DEF9-44F9-BFA6-2CC49E3EAAAE}.Debug|x64.ActiveCfg = Debug|x64
		{734AC93E-DEF9-44F9-BFA6-2CC49E3EAAAE}.Debug|x64.Build.0 = Debug|x64
		{734AC93E-DEF9-44F9-BFA6-2CC49E3EAAAE}.Debug|x86.ActiveCfg = Debug|Win32
		{734AC93E-DEF9-44F9-BFA6-2CC49E3EAAAE}.Debug|x86.Build.0 = Debug|Win32
		{734AC93E-DEF9-44F9-BFA6-2CC49E3EAAAE}.Release|x64.ActiveCfg = Release|x64
		{734AC93E-DEF9-44F9-BFA6-2CC49E3EAAAE}.Release|x64.Build.0 = Release|x64
		{734AC93E-DEF9-44F9-BFA6-2CC49E3EAAAE}.Release|x86.ActiveCfg = Release|Win32
		{734AC93E-DEF9-44F9-BFA6-2CC49E3EAAAE}.Release|x86.Build.0 = Release|Win32
	EndGlobalSection
	GlobalSection(SolutionProperties) = preSolution
		HideSolutionNode = FALSE
	EndGlobalSection
	GlobalSection(ExtensibilityGlobals) = postSolution
		SolutionGuid = {8ACD96AD-8604-421E-9B08-124E56BCBFBA}
	EndGlobalSection
EndGlobal
