
Microsoft Visual Studio Solution File, Format Version 12.00
# Visual Studio Version 17
VisualStudioVersion = 17.8.34309.116
MinimumVisualStudioVersion = 10.0.40219.1
Project("{8BC9CEB8-8B4A-11D0-8D11-00A0C91BC942}") = "ADDBIGNUM_HVT", "ADDBIGNUM_HVT\ADDBIGNUM_HVT.vcxproj", "{C77E4EC0-47BD-4A40-9550-774B6907ABC8}"
EndProject
Global
	GlobalSection(SolutionConfigurationPlatforms) = preSolution
		Debug|x64 = Debug|x64
		Debug|x86 = Debug|x86
		Release|x64 = Release|x64
		Release|x86 = Release|x86
	EndGlobalSection
	GlobalSection(ProjectConfigurationPlatforms) = postSolution
		{C77E4EC0-47BD-4A40-9550-774B6907ABC8}.Debug|x64.ActiveCfg = Debug|x64
		{C77E4EC0-47BD-4A40-9550-774B6907ABC8}.Debug|x64.Build.0 = Debug|x64
		{C77E4EC0-47BD-4A40-9550-774B6907ABC8}.Debug|x86.ActiveCfg = Debug|Win32
		{C77E4EC0-47BD-4A40-9550-774B6907ABC8}.Debug|x86.Build.0 = Debug|Win32
		{C77E4EC0-47BD-4A40-9550-774B6907ABC8}.Release|x64.ActiveCfg = Release|x64
		{C77E4EC0-47BD-4A40-9550-774B6907ABC8}.Release|x64.Build.0 = Release|x64
		{C77E4EC0-47BD-4A40-9550-774B6907ABC8}.Release|x86.ActiveCfg = Release|Win32
		{C77E4EC0-47BD-4A40-9550-774B6907ABC8}.Release|x86.Build.0 = Release|Win32
	EndGlobalSection
	GlobalSection(SolutionProperties) = preSolution
		HideSolutionNode = FALSE
	EndGlobalSection
	GlobalSection(ExtensibilityGlobals) = postSolution
		SolutionGuid = {40F40493-4E3B-4427-87A6-DA32B1CA26E3}
	EndGlobalSection
EndGlobal
