
Microsoft Visual Studio Solution File, Format Version 12.00
# Visual Studio Version 17
VisualStudioVersion = 17.8.34322.80
MinimumVisualStudioVersion = 10.0.40219.1
Project("{8BC9CEB8-8B4A-11D0-8D11-00A0C91BC942}") = "XAUDN_HVT", "XAUDN_HVT\XAUDN_HVT.vcxproj", "{43F95306-34D7-4136-B262-64E39D70FD48}"
EndProject
Global
	GlobalSection(SolutionConfigurationPlatforms) = preSolution
		Debug|x64 = Debug|x64
		Debug|x86 = Debug|x86
		Release|x64 = Release|x64
		Release|x86 = Release|x86
	EndGlobalSection
	GlobalSection(ProjectConfigurationPlatforms) = postSolution
		{43F95306-34D7-4136-B262-64E39D70FD48}.Debug|x64.ActiveCfg = Debug|x64
		{43F95306-34D7-4136-B262-64E39D70FD48}.Debug|x64.Build.0 = Debug|x64
		{43F95306-34D7-4136-B262-64E39D70FD48}.Debug|x86.ActiveCfg = Debug|Win32
		{43F95306-34D7-4136-B262-64E39D70FD48}.Debug|x86.Build.0 = Debug|Win32
		{43F95306-34D7-4136-B262-64E39D70FD48}.Release|x64.ActiveCfg = Release|x64
		{43F95306-34D7-4136-B262-64E39D70FD48}.Release|x64.Build.0 = Release|x64
		{43F95306-34D7-4136-B262-64E39D70FD48}.Release|x86.ActiveCfg = Release|Win32
		{43F95306-34D7-4136-B262-64E39D70FD48}.Release|x86.Build.0 = Release|Win32
	EndGlobalSection
	GlobalSection(SolutionProperties) = preSolution
		HideSolutionNode = FALSE
	EndGlobalSection
	GlobalSection(ExtensibilityGlobals) = postSolution
		SolutionGuid = {EB2C71EE-0EDE-4FED-B7A1-748F9034B07E}
	EndGlobalSection
EndGlobal
