
Microsoft Visual Studio Solution File, Format Version 12.00
# Visual Studio Version 17
VisualStudioVersion = 17.9.34622.214
MinimumVisualStudioVersion = 10.0.40219.1
Project("{8BC9CEB8-8B4A-11D0-8D11-00A0C91BC942}") = "SUB_HSGCaMauVong1_2020-2021", "SUB_HSGCaMauVong1_2020-2021\SUB_HSGCaMauVong1_2020-2021.vcxproj", "{CBC1A6B9-DBB2-4D58-822F-2CEDCFE72148}"
EndProject
Global
	GlobalSection(SolutionConfigurationPlatforms) = preSolution
		Debug|x64 = Debug|x64
		Debug|x86 = Debug|x86
		Release|x64 = Release|x64
		Release|x86 = Release|x86
	EndGlobalSection
	GlobalSection(ProjectConfigurationPlatforms) = postSolution
		{CBC1A6B9-DBB2-4D58-822F-2CEDCFE72148}.Debug|x64.ActiveCfg = Debug|x64
		{CBC1A6B9-DBB2-4D58-822F-2CEDCFE72148}.Debug|x64.Build.0 = Debug|x64
		{CBC1A6B9-DBB2-4D58-822F-2CEDCFE72148}.Debug|x86.ActiveCfg = Debug|Win32
		{CBC1A6B9-DBB2-4D58-822F-2CEDCFE72148}.Debug|x86.Build.0 = Debug|Win32
		{CBC1A6B9-DBB2-4D58-822F-2CEDCFE72148}.Release|x64.ActiveCfg = Release|x64
		{CBC1A6B9-DBB2-4D58-822F-2CEDCFE72148}.Release|x64.Build.0 = Release|x64
		{CBC1A6B9-DBB2-4D58-822F-2CEDCFE72148}.Release|x86.ActiveCfg = Release|Win32
		{CBC1A6B9-DBB2-4D58-822F-2CEDCFE72148}.Release|x86.Build.0 = Release|Win32
	EndGlobalSection
	GlobalSection(SolutionProperties) = preSolution
		HideSolutionNode = FALSE
	EndGlobalSection
	GlobalSection(ExtensibilityGlobals) = postSolution
		SolutionGuid = {51148853-4562-4D37-9896-446AF0493AC2}
	EndGlobalSection
EndGlobal
