
Microsoft Visual Studio Solution File, Format Version 12.00
# Visual Studio Version 17
VisualStudioVersion = 17.8.34322.80
MinimumVisualStudioVersion = 10.0.40219.1
Project("{8BC9CEB8-8B4A-11D0-8D11-00A0C91BC942}") = "LIS", "LIS\LIS.vcxproj", "{F46309F6-3239-44BF-8F81-6A90CBEC47F5}"
EndProject
Global
	GlobalSection(SolutionConfigurationPlatforms) = preSolution
		Debug|x64 = Debug|x64
		Debug|x86 = Debug|x86
		Release|x64 = Release|x64
		Release|x86 = Release|x86
	EndGlobalSection
	GlobalSection(ProjectConfigurationPlatforms) = postSolution
		{F46309F6-3239-44BF-8F81-6A90CBEC47F5}.Debug|x64.ActiveCfg = Debug|x64
		{F46309F6-3239-44BF-8F81-6A90CBEC47F5}.Debug|x64.Build.0 = Debug|x64
		{F46309F6-3239-44BF-8F81-6A90CBEC47F5}.Debug|x86.ActiveCfg = Debug|Win32
		{F46309F6-3239-44BF-8F81-6A90CBEC47F5}.Debug|x86.Build.0 = Debug|Win32
		{F46309F6-3239-44BF-8F81-6A90CBEC47F5}.Release|x64.ActiveCfg = Release|x64
		{F46309F6-3239-44BF-8F81-6A90CBEC47F5}.Release|x64.Build.0 = Release|x64
		{F46309F6-3239-44BF-8F81-6A90CBEC47F5}.Release|x86.ActiveCfg = Release|Win32
		{F46309F6-3239-44BF-8F81-6A90CBEC47F5}.Release|x86.Build.0 = Release|Win32
	EndGlobalSection
	GlobalSection(SolutionProperties) = preSolution
		HideSolutionNode = FALSE
	EndGlobalSection
	GlobalSection(ExtensibilityGlobals) = postSolution
		SolutionGuid = {23202B2E-AC2C-48F2-8211-47BD9A05851D}
	EndGlobalSection
EndGlobal
