
Microsoft Visual Studio Solution File, Format Version 12.00
# Visual Studio Version 17
VisualStudioVersion = 17.9.34622.214
MinimumVisualStudioVersion = 10.0.40219.1
Project("{8BC9CEB8-8B4A-11D0-8D11-00A0C91BC942}") = "NETWORK_HSGCaMauVong1_2020-2021", "NETWORK_HSGCaMauVong1_2020-2021\NETWORK_HSGCaMauVong1_2020-2021.vcxproj", "{D288F14C-F6D2-4B80-81EE-E06A32C8DBCA}"
EndProject
Global
	GlobalSection(SolutionConfigurationPlatforms) = preSolution
		Debug|x64 = Debug|x64
		Debug|x86 = Debug|x86
		Release|x64 = Release|x64
		Release|x86 = Release|x86
	EndGlobalSection
	GlobalSection(ProjectConfigurationPlatforms) = postSolution
		{D288F14C-F6D2-4B80-81EE-E06A32C8DBCA}.Debug|x64.ActiveCfg = Debug|x64
		{D288F14C-F6D2-4B80-81EE-E06A32C8DBCA}.Debug|x64.Build.0 = Debug|x64
		{D288F14C-F6D2-4B80-81EE-E06A32C8DBCA}.Debug|x86.ActiveCfg = Debug|Win32
		{D288F14C-F6D2-4B80-81EE-E06A32C8DBCA}.Debug|x86.Build.0 = Debug|Win32
		{D288F14C-F6D2-4B80-81EE-E06A32C8DBCA}.Release|x64.ActiveCfg = Release|x64
		{D288F14C-F6D2-4B80-81EE-E06A32C8DBCA}.Release|x64.Build.0 = Release|x64
		{D288F14C-F6D2-4B80-81EE-E06A32C8DBCA}.Release|x86.ActiveCfg = Release|Win32
		{D288F14C-F6D2-4B80-81EE-E06A32C8DBCA}.Release|x86.Build.0 = Release|Win32
	EndGlobalSection
	GlobalSection(SolutionProperties) = preSolution
		HideSolutionNode = FALSE
	EndGlobalSection
	GlobalSection(ExtensibilityGlobals) = postSolution
		SolutionGuid = {F085EBB3-C473-4D27-BB06-8C67A15CC4B0}
	EndGlobalSection
EndGlobal
