
Microsoft Visual Studio Solution File, Format Version 12.00
# Visual Studio Version 17
VisualStudioVersion = 17.8.34322.80
MinimumVisualStudioVersion = 10.0.40219.1
Project("{8BC9CEB8-8B4A-11D0-8D11-00A0C91BC942}") = "VACXIN_THPTCHUYEN", "VACXIN_THPTCHUYEN\VACXIN_THPTCHUYEN.vcxproj", "{AC2C6066-E392-4110-AEB2-251462E35AD2}"
EndProject
Global
	GlobalSection(SolutionConfigurationPlatforms) = preSolution
		Debug|x64 = Debug|x64
		Debug|x86 = Debug|x86
		Release|x64 = Release|x64
		Release|x86 = Release|x86
	EndGlobalSection
	GlobalSection(ProjectConfigurationPlatforms) = postSolution
		{AC2C6066-E392-4110-AEB2-251462E35AD2}.Debug|x64.ActiveCfg = Debug|x64
		{AC2C6066-E392-4110-AEB2-251462E35AD2}.Debug|x64.Build.0 = Debug|x64
		{AC2C6066-E392-4110-AEB2-251462E35AD2}.Debug|x86.ActiveCfg = Debug|Win32
		{AC2C6066-E392-4110-AEB2-251462E35AD2}.Debug|x86.Build.0 = Debug|Win32
		{AC2C6066-E392-4110-AEB2-251462E35AD2}.Release|x64.ActiveCfg = Release|x64
		{AC2C6066-E392-4110-AEB2-251462E35AD2}.Release|x64.Build.0 = Release|x64
		{AC2C6066-E392-4110-AEB2-251462E35AD2}.Release|x86.ActiveCfg = Release|Win32
		{AC2C6066-E392-4110-AEB2-251462E35AD2}.Release|x86.Build.0 = Release|Win32
	EndGlobalSection
	GlobalSection(SolutionProperties) = preSolution
		HideSolutionNode = FALSE
	EndGlobalSection
	GlobalSection(ExtensibilityGlobals) = postSolution
		SolutionGuid = {F1354D3F-2624-42CA-B586-E360D0956752}
	EndGlobalSection
EndGlobal
