
Microsoft Visual Studio Solution File, Format Version 12.00
# Visual Studio Version 17
VisualStudioVersion = 17.9.34616.47
MinimumVisualStudioVersion = 10.0.40219.1
Project("{8BC9CEB8-8B4A-11D0-8D11-00A0C91BC942}") = "ENCO_HSGCaMauVong1_2014-2015", "ENCO_HSGCaMauVong1_2014-2015\ENCO_HSGCaMauVong1_2014-2015.vcxproj", "{E8C78265-AE9E-4E14-95F3-5936CBDC125A}"
EndProject
Global
	GlobalSection(SolutionConfigurationPlatforms) = preSolution
		Debug|x64 = Debug|x64
		Debug|x86 = Debug|x86
		Release|x64 = Release|x64
		Release|x86 = Release|x86
	EndGlobalSection
	GlobalSection(ProjectConfigurationPlatforms) = postSolution
		{E8C78265-AE9E-4E14-95F3-5936CBDC125A}.Debug|x64.ActiveCfg = Debug|x64
		{E8C78265-AE9E-4E14-95F3-5936CBDC125A}.Debug|x64.Build.0 = Debug|x64
		{E8C78265-AE9E-4E14-95F3-5936CBDC125A}.Debug|x86.ActiveCfg = Debug|Win32
		{E8C78265-AE9E-4E14-95F3-5936CBDC125A}.Debug|x86.Build.0 = Debug|Win32
		{E8C78265-AE9E-4E14-95F3-5936CBDC125A}.Release|x64.ActiveCfg = Release|x64
		{E8C78265-AE9E-4E14-95F3-5936CBDC125A}.Release|x64.Build.0 = Release|x64
		{E8C78265-AE9E-4E14-95F3-5936CBDC125A}.Release|x86.ActiveCfg = Release|Win32
		{E8C78265-AE9E-4E14-95F3-5936CBDC125A}.Release|x86.Build.0 = Release|Win32
	EndGlobalSection
	GlobalSection(SolutionProperties) = preSolution
		HideSolutionNode = FALSE
	EndGlobalSection
	GlobalSection(ExtensibilityGlobals) = postSolution
		SolutionGuid = {D47F639F-937E-411A-AF73-4B35CED755F0}
	EndGlobalSection
EndGlobal
