
Microsoft Visual Studio Solution File, Format Version 12.00
# Visual Studio Version 17
VisualStudioVersion = 17.8.34322.80
MinimumVisualStudioVersion = 10.0.40219.1
Project("{8BC9CEB8-8B4A-11D0-8D11-00A0C91BC942}") = "PAIR_HSG9TinhVinhPhuc23-24", "PAIR_HSG9TinhVinhPhuc23-24\PAIR_HSG9TinhVinhPhuc23-24.vcxproj", "{FB72E205-9837-41E3-9C18-705F094D4064}"
EndProject
Global
	GlobalSection(SolutionConfigurationPlatforms) = preSolution
		Debug|x64 = Debug|x64
		Debug|x86 = Debug|x86
		Release|x64 = Release|x64
		Release|x86 = Release|x86
	EndGlobalSection
	GlobalSection(ProjectConfigurationPlatforms) = postSolution
		{FB72E205-9837-41E3-9C18-705F094D4064}.Debug|x64.ActiveCfg = Debug|x64
		{FB72E205-9837-41E3-9C18-705F094D4064}.Debug|x64.Build.0 = Debug|x64
		{FB72E205-9837-41E3-9C18-705F094D4064}.Debug|x86.ActiveCfg = Debug|Win32
		{FB72E205-9837-41E3-9C18-705F094D4064}.Debug|x86.Build.0 = Debug|Win32
		{FB72E205-9837-41E3-9C18-705F094D4064}.Release|x64.ActiveCfg = Release|x64
		{FB72E205-9837-41E3-9C18-705F094D4064}.Release|x64.Build.0 = Release|x64
		{FB72E205-9837-41E3-9C18-705F094D4064}.Release|x86.ActiveCfg = Release|Win32
		{FB72E205-9837-41E3-9C18-705F094D4064}.Release|x86.Build.0 = Release|Win32
	EndGlobalSection
	GlobalSection(SolutionProperties) = preSolution
		HideSolutionNode = FALSE
	EndGlobalSection
	GlobalSection(ExtensibilityGlobals) = postSolution
		SolutionGuid = {20363A94-2D15-4520-8822-34B58D359D43}
	EndGlobalSection
EndGlobal
