
Microsoft Visual Studio Solution File, Format Version 12.00
# Visual Studio Version 17
VisualStudioVersion = 17.8.34322.80
MinimumVisualStudioVersion = 10.0.40219.1
Project("{8BC9CEB8-8B4A-11D0-8D11-00A0C91BC942}") = "TuoiChaTuoiCon", "TuoiChaTuoiCon\TuoiChaTuoiCon.vcxproj", "{D52A29D2-5B10-46F5-94E6-6CB5B2EE19BD}"
EndProject
Global
	GlobalSection(SolutionConfigurationPlatforms) = preSolution
		Debug|x64 = Debug|x64
		Debug|x86 = Debug|x86
		Release|x64 = Release|x64
		Release|x86 = Release|x86
	EndGlobalSection
	GlobalSection(ProjectConfigurationPlatforms) = postSolution
		{D52A29D2-5B10-46F5-94E6-6CB5B2EE19BD}.Debug|x64.ActiveCfg = Debug|x64
		{D52A29D2-5B10-46F5-94E6-6CB5B2EE19BD}.Debug|x64.Build.0 = Debug|x64
		{D52A29D2-5B10-46F5-94E6-6CB5B2EE19BD}.Debug|x86.ActiveCfg = Debug|Win32
		{D52A29D2-5B10-46F5-94E6-6CB5B2EE19BD}.Debug|x86.Build.0 = Debug|Win32
		{D52A29D2-5B10-46F5-94E6-6CB5B2EE19BD}.Release|x64.ActiveCfg = Release|x64
		{D52A29D2-5B10-46F5-94E6-6CB5B2EE19BD}.Release|x64.Build.0 = Release|x64
		{D52A29D2-5B10-46F5-94E6-6CB5B2EE19BD}.Release|x86.ActiveCfg = Release|Win32
		{D52A29D2-5B10-46F5-94E6-6CB5B2EE19BD}.Release|x86.Build.0 = Release|Win32
	EndGlobalSection
	GlobalSection(SolutionProperties) = preSolution
		HideSolutionNode = FALSE
	EndGlobalSection
	GlobalSection(ExtensibilityGlobals) = postSolution
		SolutionGuid = {41039A0C-8156-40F6-805C-3FF77F828B13}
	EndGlobalSection
EndGlobal
