
Microsoft Visual Studio Solution File, Format Version 12.00
# Visual Studio Version 17
VisualStudioVersion = 17.8.34322.80
MinimumVisualStudioVersion = 10.0.40219.1
Project("{8BC9CEB8-8B4A-11D0-8D11-00A0C91BC942}") = "PRIMECOUNT_OLYMPIC_THPTLeHongPhong", "PRIMECOUNT_OLYMPIC_THPTLeHongPhong\PRIMECOUNT_OLYMPIC_THPTLeHongPhong.vcxproj", "{B9A5051E-7B07-4609-B48E-C1F40280BBFE}"
EndProject
Global
	GlobalSection(SolutionConfigurationPlatforms) = preSolution
		Debug|x64 = Debug|x64
		Debug|x86 = Debug|x86
		Release|x64 = Release|x64
		Release|x86 = Release|x86
	EndGlobalSection
	GlobalSection(ProjectConfigurationPlatforms) = postSolution
		{B9A5051E-7B07-4609-B48E-C1F40280BBFE}.Debug|x64.ActiveCfg = Debug|x64
		{B9A5051E-7B07-4609-B48E-C1F40280BBFE}.Debug|x64.Build.0 = Debug|x64
		{B9A5051E-7B07-4609-B48E-C1F40280BBFE}.Debug|x86.ActiveCfg = Debug|Win32
		{B9A5051E-7B07-4609-B48E-C1F40280BBFE}.Debug|x86.Build.0 = Debug|Win32
		{B9A5051E-7B07-4609-B48E-C1F40280BBFE}.Release|x64.ActiveCfg = Release|x64
		{B9A5051E-7B07-4609-B48E-C1F40280BBFE}.Release|x64.Build.0 = Release|x64
		{B9A5051E-7B07-4609-B48E-C1F40280BBFE}.Release|x86.ActiveCfg = Release|Win32
		{B9A5051E-7B07-4609-B48E-C1F40280BBFE}.Release|x86.Build.0 = Release|Win32
	EndGlobalSection
	GlobalSection(SolutionProperties) = preSolution
		HideSolutionNode = FALSE
	EndGlobalSection
	GlobalSection(ExtensibilityGlobals) = postSolution
		SolutionGuid = {803AD8DB-84CA-4DD6-BFED-469461D63D9D}
	EndGlobalSection
EndGlobal
