
Microsoft Visual Studio Solution File, Format Version 12.00
# Visual Studio Version 17
VisualStudioVersion = 17.9.34607.119
MinimumVisualStudioVersion = 10.0.40219.1
Project("{8BC9CEB8-8B4A-11D0-8D11-00A0C91BC942}") = "ROBOT", "ROBOT\ROBOT.vcxproj", "{D8619ACF-F496-4F32-B8CF-3A0CD038D6EB}"
EndProject
Global
	GlobalSection(SolutionConfigurationPlatforms) = preSolution
		Debug|x64 = Debug|x64
		Debug|x86 = Debug|x86
		Release|x64 = Release|x64
		Release|x86 = Release|x86
	EndGlobalSection
	GlobalSection(ProjectConfigurationPlatforms) = postSolution
		{D8619ACF-F496-4F32-B8CF-3A0CD038D6EB}.Debug|x64.ActiveCfg = Debug|x64
		{D8619ACF-F496-4F32-B8CF-3A0CD038D6EB}.Debug|x64.Build.0 = Debug|x64
		{D8619ACF-F496-4F32-B8CF-3A0CD038D6EB}.Debug|x86.ActiveCfg = Debug|Win32
		{D8619ACF-F496-4F32-B8CF-3A0CD038D6EB}.Debug|x86.Build.0 = Debug|Win32
		{D8619ACF-F496-4F32-B8CF-3A0CD038D6EB}.Release|x64.ActiveCfg = Release|x64
		{D8619ACF-F496-4F32-B8CF-3A0CD038D6EB}.Release|x64.Build.0 = Release|x64
		{D8619ACF-F496-4F32-B8CF-3A0CD038D6EB}.Release|x86.ActiveCfg = Release|Win32
		{D8619ACF-F496-4F32-B8CF-3A0CD038D6EB}.Release|x86.Build.0 = Release|Win32
	EndGlobalSection
	GlobalSection(SolutionProperties) = preSolution
		HideSolutionNode = FALSE
	EndGlobalSection
	GlobalSection(ExtensibilityGlobals) = postSolution
		SolutionGuid = {0F938559-5425-400B-9EF2-5AEE2D7D0B9D}
	EndGlobalSection
EndGlobal
