
Microsoft Visual Studio Solution File, Format Version 12.00
# Visual Studio Version 17
VisualStudioVersion = 17.9.34616.47
MinimumVisualStudioVersion = 10.0.40219.1
Project("{8BC9CEB8-8B4A-11D0-8D11-00A0C91BC942}") = "SoMuNguyenToLonNhat1_HDSH", "SoMuNguyenToLonNhat1_HDSH\SoMuNguyenToLonNhat1_HDSH.vcxproj", "{8ECB3958-3624-42DE-9B86-5A00F1C87C4E}"
EndProject
Global
	GlobalSection(SolutionConfigurationPlatforms) = preSolution
		Debug|x64 = Debug|x64
		Debug|x86 = Debug|x86
		Release|x64 = Release|x64
		Release|x86 = Release|x86
	EndGlobalSection
	GlobalSection(ProjectConfigurationPlatforms) = postSolution
		{8ECB3958-3624-42DE-9B86-5A00F1C87C4E}.Debug|x64.ActiveCfg = Debug|x64
		{8ECB3958-3624-42DE-9B86-5A00F1C87C4E}.Debug|x64.Build.0 = Debug|x64
		{8ECB3958-3624-42DE-9B86-5A00F1C87C4E}.Debug|x86.ActiveCfg = Debug|Win32
		{8ECB3958-3624-42DE-9B86-5A00F1C87C4E}.Debug|x86.Build.0 = Debug|Win32
		{8ECB3958-3624-42DE-9B86-5A00F1C87C4E}.Release|x64.ActiveCfg = Release|x64
		{8ECB3958-3624-42DE-9B86-5A00F1C87C4E}.Release|x64.Build.0 = Release|x64
		{8ECB3958-3624-42DE-9B86-5A00F1C87C4E}.Release|x86.ActiveCfg = Release|Win32
		{8ECB3958-3624-42DE-9B86-5A00F1C87C4E}.Release|x86.Build.0 = Release|Win32
	EndGlobalSection
	GlobalSection(SolutionProperties) = preSolution
		HideSolutionNode = FALSE
	EndGlobalSection
	GlobalSection(ExtensibilityGlobals) = postSolution
		SolutionGuid = {C92C8396-E694-49B5-9687-BF942B4A15EF}
	EndGlobalSection
EndGlobal
