
Microsoft Visual Studio Solution File, Format Version 12.00
# Visual Studio Version 17
VisualStudioVersion = 17.8.34322.80
MinimumVisualStudioVersion = 10.0.40219.1
Project("{8BC9CEB8-8B4A-11D0-8D11-00A0C91BC942}") = "BieuDienCanhLienKeTuDoThi_Graphs", "BieuDienCanhLienKeTuDoThi_Graphs\BieuDienCanhLienKeTuDoThi_Graphs.vcxproj", "{13398034-C324-4ED3-B712-80A302EC752D}"
EndProject
Global
	GlobalSection(SolutionConfigurationPlatforms) = preSolution
		Debug|x64 = Debug|x64
		Debug|x86 = Debug|x86
		Release|x64 = Release|x64
		Release|x86 = Release|x86
	EndGlobalSection
	GlobalSection(ProjectConfigurationPlatforms) = postSolution
		{13398034-C324-4ED3-B712-80A302EC752D}.Debug|x64.ActiveCfg = Debug|x64
		{13398034-C324-4ED3-B712-80A302EC752D}.Debug|x64.Build.0 = Debug|x64
		{13398034-C324-4ED3-B712-80A302EC752D}.Debug|x86.ActiveCfg = Debug|Win32
		{13398034-C324-4ED3-B712-80A302EC752D}.Debug|x86.Build.0 = Debug|Win32
		{13398034-C324-4ED3-B712-80A302EC752D}.Release|x64.ActiveCfg = Release|x64
		{13398034-C324-4ED3-B712-80A302EC752D}.Release|x64.Build.0 = Release|x64
		{13398034-C324-4ED3-B712-80A302EC752D}.Release|x86.ActiveCfg = Release|Win32
		{13398034-C324-4ED3-B712-80A302EC752D}.Release|x86.Build.0 = Release|Win32
	EndGlobalSection
	GlobalSection(SolutionProperties) = preSolution
		HideSolutionNode = FALSE
	EndGlobalSection
	GlobalSection(ExtensibilityGlobals) = postSolution
		SolutionGuid = {4C8DB7F9-050D-48EB-8635-06DD97E13A2D}
	EndGlobalSection
EndGlobal
